{
  "pins" : [
    {
      "identity" : "lnzcollectionlayouts",
      "kind" : "remoteSourceControl",
      "location" : "https://github.com/rwbutler/LNZCollectionLayouts",
      "state" : {
        "revision" : "d9838349d647888cc0b5fc8d89cc16b3b517a98d",
        "version" : "1.2.4"
      }
    },
    {
      "identity" : "lottie-ios",
      "kind" : "remoteSourceControl",
      "location" : "https://github.com/airbnb/lottie-ios",
      "state" : {
        "revision" : "79a0b70547f7c40ea54c67487f935fa2f2eaaadc",
        "version" : "3.2.3"
      }
    },
    {
      "identity" : "spring",
      "kind" : "remoteSourceControl",
      "location" : "https://github.com/MengTo/Spring.git",
      "state" : {
        "revision" : "2f54f168e6c53208ed52bf9715965aae5ac0e427"
      }
    },
    {
      "identity" : "swiftyuserdefaults",
      "kind" : "remoteSourceControl",
      "location" : "https://github.com/sunshinejr/SwiftyUserDefaults",
      "state" : {
        "revision" : "f66bcd04088582c8fbb5cb8554d577e303bae396",
        "version" : "5.3.0"
      }
    }
  ],
  "version" : 2
}
